// !$*UTF8*$!
{
	archiveVersion = 1;
	classes = {
	};
	objectVersion = 51;
	objects = {

/* Begin PBXBuildFile section */
		4634C5E1AB518E2AA3E71C5E /* Pods_Tumblr___Feed.framework in Frameworks */ = {isa = PBXBuildFile; fileRef = E24E8165A8666E19968647BA /* Pods_Tumblr___Feed.framework */; };
		50802D6F9E87D8318F7C230C /* Pods_Tumblr___Feed_Tumblr___FeedUITests.framework in Frameworks */ = {isa = PBXBuildFile; fileRef = 3929B8A01789D0226CF6C5EF /* Pods_Tumblr___Feed_Tumblr___FeedUITests.framework */; };
		8D819E7E24A5018F00749F43 /* AppDelegate.m in Sources */ = {isa = PBXBuildFile; fileRef = 8D819E7D24A5018F00749F43 /* AppDelegate.m */; };
		8D819E8124A5018F00749F43 /* SceneDelegate.m in Sources */ = {isa = PBXBuildFile; fileRef = 8D819E8024A5018F00749F43 /* SceneDelegate.m */; };
		8D819E8724A5018F00749F43 /* Main.storyboard in Resources */ = {isa = PBXBuildFile; fileRef = 8D819E8524A5018F00749F43 /* Main.storyboard */; };
		8D819E8924A5019000749F43 /* Assets.xcassets in Resources */ = {isa = PBXBuildFile; fileRef = 8D819E8824A5019000749F43 /* Assets.xcassets */; };
		8D819E8C24A5019000749F43 /* LaunchScreen.storyboard in Resources */ = {isa = PBXBuildFile; fileRef = 8D819E8A24A5019000749F43 /* LaunchScreen.storyboard */; };
		8D819E8F24A5019000749F43 /* main.m in Sources */ = {isa = PBXBuildFile; fileRef = 8D819E8E24A5019000749F43 /* main.m */; };
		8D819E9924A5019000749F43 /* Tumblr___FeedTests.m in Sources */ = {isa = PBXBuildFile; fileRef = 8D819E9824A5019000749F43 /* Tumblr___FeedTests.m */; };
		8D819EA424A5019000749F43 /* Tumblr___FeedUITests.m in Sources */ = {isa = PBXBuildFile; fileRef = 8D819EA324A5019000749F43 /* Tumblr___FeedUITests.m */; };
		8D819EB324A5047F00749F43 /* PhotosViewController.m in Sources */ = {isa = PBXBuildFile; fileRef = 8D819EB224A5047F00749F43 /* PhotosViewController.m */; };
		8D819EBD24A545A600749F43 /* PhotosTableViewCell.m in Sources */ = {isa = PBXBuildFile; fileRef = 8D819EBC24A545A600749F43 /* PhotosTableViewCell.m */; };
		BB3124D5583C29668216EEA5 /* Pods_Tumblr___FeedTests.framework in Frameworks */ = {isa = PBXBuildFile; fileRef = 91245218506860E39F780152 /* Pods_Tumblr___FeedTests.framework */; };
/* End PBXBuildFile section */

/* Begin PBXContainerItemProxy section */
		8D819E9524A5019000749F43 /* PBXContainerItemProxy */ = {
			isa = PBXContainerItemProxy;
			containerPortal = 8D819E7124A5018F00749F43 /* Project object */;
			proxyType = 1;
			remoteGlobalIDString = 8D819E7824A5018F00749F43;
			remoteInfo = "Tumblr - Feed";
		};
		8D819EA024A5019000749F43 /* PBXContainerItemProxy */ = {
			isa = PBXContainerItemProxy;
			containerPortal = 8D819E7124A5018F00749F43 /* Project object */;
			proxyType = 1;
			remoteGlobalIDString = 8D819E7824A5018F00749F43;
			remoteInfo = "Tumblr - Feed";
		};
/* End PBXContainerItemProxy section */

/* Begin PBXFileReference section */
		3929B8A01789D0226CF6C5EF /* Pods_Tumblr___Feed_Tumblr___FeedUITests.framework */ = {isa = PBXFileReference; explicitFileType = wrapper.framework; includeInIndex = 0; path = "Pods_Tumblr___Feed_Tumblr___FeedUITests.framework"; sourceTree = BUILT_PRODUCTS_DIR; };
		3A48035926E30BA6C57BE051 /* Pods-Tumblr - Feed-Tumblr - FeedUITests.release.xcconfig */ = {isa = PBXFileReference; includeInIndex = 1; lastKnownFileType = text.xcconfig; name = "Pods-Tumblr - Feed-Tumblr - FeedUITests.release.xcconfig"; path = "Target Support Files/Pods-Tumblr - Feed-Tumblr - FeedUITests/Pods-Tumblr - Feed-Tumblr - FeedUITests.release.xcconfig"; sourceTree = "<group>"; };
		4C8F02D3183F7D83280A432D /* Pods-Tumblr - Feed.debug.xcconfig */ = {isa = PBXFileReference; includeInIndex = 1; lastKnownFileType = text.xcconfig; name = "Pods-Tumblr - Feed.debug.xcconfig"; path = "Target Support Files/Pods-Tumblr - Feed/Pods-Tumblr - Feed.debug.xcconfig"; sourceTree = "<group>"; };
		8D819E7924A5018F00749F43 /* Tumblr - Feed.app */ = {isa = PBXFileReference; explicitFileType = wrapper.application; includeInIndex = 0; path = "Tumblr - Feed.app"; sourceTree = BUILT_PRODUCTS_DIR; };
		8D819E7C24A5018F00749F43 /* AppDelegate.h */ = {isa = PBXFileReference; lastKnownFileType = sourcecode.c.h; path = AppDelegate.h; sourceTree = "<group>"; };
		8D819E7D24A5018F00749F43 /* AppDelegate.m */ = {isa = PBXFileReference; lastKnownFileType = sourcecode.c.objc; path = AppDelegate.m; sourceTree = "<group>"; };
		8D819E7F24A5018F00749F43 /* SceneDelegate.h */ = {isa = PBXFileReference; lastKnownFileType = sourcecode.c.h; path = SceneDelegate.h; sourceTree = "<group>"; };
		8D819E8024A5018F00749F43 /* SceneDelegate.m */ = {isa = PBXFileReference; lastKnownFileType = sourcecode.c.objc; path = SceneDelegate.m; sourceTree = "<group>"; };
		8D819E8624A5018F00749F43 /* Base */ = {isa = PBXFileReference; lastKnownFileType = file.storyboard; name = Base; path = Base.lproj/Main.storyboard; sourceTree = "<group>"; };
		8D819E8824A5019000749F43 /* Assets.xcassets */ = {isa = PBXFileReference; lastKnownFileType = folder.assetcatalog; path = Assets.xcassets; sourceTree = "<group>"; };
		8D819E8B24A5019000749F43 /* Base */ = {isa = PBXFileReference; lastKnownFileType = file.storyboard; name = Base; path = Base.lproj/LaunchScreen.storyboard; sourceTree = "<group>"; };
		8D819E8D24A5019000749F43 /* Info.plist */ = {isa = PBXFileReference; lastKnownFileType = text.plist.xml; path = Info.plist; sourceTree = "<group>"; };
		8D819E8E24A5019000749F43 /* main.m */ = {isa = PBXFileReference; lastKnownFileType = sourcecode.c.objc; path = main.m; sourceTree = "<group>"; };
		8D819E9424A5019000749F43 /* Tumblr - FeedTests.xctest */ = {isa = PBXFileReference; explicitFileType = wrapper.cfbundle; includeInIndex = 0; path = "Tumblr - FeedTests.xctest"; sourceTree = BUILT_PRODUCTS_DIR; };
		8D819E9824A5019000749F43 /* Tumblr___FeedTests.m */ = {isa = PBXFileReference; lastKnownFileType = sourcecode.c.objc; path = "Tumblr___FeedTests.m"; sourceTree = "<group>"; };
		8D819E9A24A5019000749F43 /* Info.plist */ = {isa = PBXFileReference; lastKnownFileType = text.plist.xml; path = Info.plist; sourceTree = "<group>"; };
		8D819E9F24A5019000749F43 /* Tumblr - FeedUITests.xctest */ = {isa = PBXFileReference; explicitFileType = wrapper.cfbundle; includeInIndex = 0; path = "Tumblr - FeedUITests.xctest"; sourceTree = BUILT_PRODUCTS_DIR; };
		8D819EA324A5019000749F43 /* Tumblr___FeedUITests.m */ = {isa = PBXFileReference; lastKnownFileType = sourcecode.c.objc; path = "Tumblr___FeedUITests.m"; sourceTree = "<group>"; };
		8D819EA524A5019000749F43 /* Info.plist */ = {isa = PBXFileReference; lastKnownFileType = text.plist.xml; path = Info.plist; sourceTree = "<group>"; };
		8D819EB124A5047F00749F43 /* PhotosViewController.h */ = {isa = PBXFileReference; lastKnownFileType = sourcecode.c.h; path = PhotosViewController.h; sourceTree = "<group>"; };
		8D819EB224A5047F00749F43 /* PhotosViewController.m */ = {isa = PBXFileReference; lastKnownFileType = sourcecode.c.objc; path = PhotosViewController.m; sourceTree = "<group>"; };
		8D819EBB24A545A600749F43 /* PhotosTableViewCell.h */ = {isa = PBXFileReference; lastKnownFileType = sourcecode.c.h; path = PhotosTableViewCell.h; sourceTree = "<group>"; };
		8D819EBC24A545A600749F43 /* PhotosTableViewCell.m */ = {isa = PBXFileReference; lastKnownFileType = sourcecode.c.objc; path = PhotosTableViewCell.m; sourceTree = "<group>"; };
		91245218506860E39F780152 /* Pods_Tumblr___FeedTests.framework */ = {isa = PBXFileReference; explicitFileType = wrapper.framework; includeInIndex = 0; path = "Pods_Tumblr___FeedTests.framework"; sourceTree = BUILT_PRODUCTS_DIR; };
		9F05CFF6A336B6EA5C3B7838 /* Pods-Tumblr - FeedTests.debug.xcconfig */ = {isa = PBXFileReference; includeInIndex = 1; lastKnownFileType = text.xcconfig; name = "Pods-Tumblr - FeedTests.debug.xcconfig"; path = "Target Support Files/Pods-Tumblr - FeedTests/Pods-Tumblr - FeedTests.debug.xcconfig"; sourceTree = "<group>"; };
		ADA9A8625910847C11180A5A /* Pods-Tumblr - Feed.release.xcconfig */ = {isa = PBXFileReference; includeInIndex = 1; lastKnownFileType = text.xcconfig; name = "Pods-Tumblr - Feed.release.xcconfig"; path = "Target Support Files/Pods-Tumblr - Feed/Pods-Tumblr - Feed.release.xcconfig"; sourceTree = "<group>"; };
		E0051602FDD9D073A6C6622B /* Pods-Tumblr - Feed-Tumblr - FeedUITests.debug.xcconfig */ = {isa = PBXFileReference; includeInIndex = 1; lastKnownFileType = text.xcconfig; name = "Pods-Tumblr - Feed-Tumblr - FeedUITests.debug.xcconfig"; path = "Target Support Files/Pods-Tumblr - Feed-Tumblr - FeedUITests/Pods-Tumblr - Feed-Tumblr - FeedUITests.debug.xcconfig"; sourceTree = "<group>"; };
		E24E8165A8666E19968647BA /* Pods_Tumblr___Feed.framework */ = {isa = PBXFileReference; explicitFileType = wrapper.framework; includeInIndex = 0; path = "Pods_Tumblr___Feed.framework"; sourceTree = BUILT_PRODUCTS_DIR; };
		F674DA40F2A6A4DB9BC4B6B7 /* Pods-Tumblr - FeedTests.release.xcconfig */ = {isa = PBXFileReference; includeInIndex = 1; lastKnownFileType = text.xcconfig; name = "Pods-Tumblr - FeedTests.release.xcconfig"; path = "Target Support Files/Pods-Tumblr - FeedTests/Pods-Tumblr - FeedTests.release.xcconfig"; sourceTree = "<group>"; };
/* End PBXFileReference section */

/* Begin PBXFrameworksBuildPhase section */
		8D819E7624A5018F00749F43 /* Frameworks */ = {
			isa = PBXFrameworksBuildPhase;
			buildActionMask = 2147483647;
			files = (
				4634C5E1AB518E2AA3E71C5E /* Pods_Tumblr___Feed.framework in Frameworks */,
			);
			runOnlyForDeploymentPostprocessing = 0;
		};
		8D819E9124A5019000749F43 /* Frameworks */ = {
			isa = PBXFrameworksBuildPhase;
			buildActionMask = 2147483647;
			files = (
				BB3124D5583C29668216EEA5 /* Pods_Tumblr___FeedTests.framework in Frameworks */,
			);
			runOnlyForDeploymentPostprocessing = 0;
		};
		8D819E9C24A5019000749F43 /* Frameworks */ = {
			isa = PBXFrameworksBuildPhase;
			buildActionMask = 2147483647;
			files = (
				50802D6F9E87D8318F7C230C /* Pods_Tumblr___Feed_Tumblr___FeedUITests.framework in Frameworks */,
			);
			runOnlyForDeploymentPostprocessing = 0;
		};
/* End PBXFrameworksBuildPhase section */

/* Begin PBXGroup section */
		6802ADB3D1D37936EE94A090 /* Pods */ = {
			isa = PBXGroup;
			children = (
				4C8F02D3183F7D83280A432D /* Pods-Tumblr - Feed.debug.xcconfig */,
				ADA9A8625910847C11180A5A /* Pods-Tumblr - Feed.release.xcconfig */,
				E0051602FDD9D073A6C6622B /* Pods-Tumblr - Feed-Tumblr - FeedUITests.debug.xcconfig */,
				3A48035926E30BA6C57BE051 /* Pods-Tumblr - Feed-Tumblr - FeedUITests.release.xcconfig */,
				9F05CFF6A336B6EA5C3B7838 /* Pods-Tumblr - FeedTests.debug.xcconfig */,
				F674DA40F2A6A4DB9BC4B6B7 /* Pods-Tumblr - FeedTests.release.xcconfig */,
			);
			path = Pods;
			sourceTree = "<group>";
		};
		8D819E7024A5018F00749F43 = {
			isa = PBXGroup;
			children = (
				8D819E7B24A5018F00749F43 /* Tumblr - Feed */,
				8D819E9724A5019000749F43 /* Tumblr - FeedTests */,
				8D819EA224A5019000749F43 /* Tumblr - FeedUITests */,
				8D819E7A24A5018F00749F43 /* Products */,
				6802ADB3D1D37936EE94A090 /* Pods */,
				A7C64A370D5AAB16F4EABD2D /* Frameworks */,
			);
			sourceTree = "<group>";
		};
		8D819E7A24A5018F00749F43 /* Products */ = {
			isa = PBXGroup;
			children = (
				8D819E7924A5018F00749F43 /* Tumblr - Feed.app */,
				8D819E9424A5019000749F43 /* Tumblr - FeedTests.xctest */,
				8D819E9F24A5019000749F43 /* Tumblr - FeedUITests.xctest */,
			);
			name = Products;
			sourceTree = "<group>";
		};
		8D819E7B24A5018F00749F43 /* Tumblr - Feed */ = {
			isa = PBXGroup;
			children = (
				8D819EB424A504D900749F43 /* ViewControllers */,
				8D819E7C24A5018F00749F43 /* AppDelegate.h */,
				8D819E7D24A5018F00749F43 /* AppDelegate.m */,
				8D819E7F24A5018F00749F43 /* SceneDelegate.h */,
				8D819E8024A5018F00749F43 /* SceneDelegate.m */,
				8D819E8524A5018F00749F43 /* Main.storyboard */,
				8D819E8824A5019000749F43 /* Assets.xcassets */,
				8D819E8A24A5019000749F43 /* LaunchScreen.storyboard */,
				8D819E8D24A5019000749F43 /* Info.plist */,
				8D819E8E24A5019000749F43 /* main.m */,
			);
			path = "Tumblr - Feed";
			sourceTree = "<group>";
		};
		8D819E9724A5019000749F43 /* Tumblr - FeedTests */ = {
			isa = PBXGroup;
			children = (
				8D819E9824A5019000749F43 /* Tumblr___FeedTests.m */,
				8D819E9A24A5019000749F43 /* Info.plist */,
			);
			path = "Tumblr - FeedTests";
			sourceTree = "<group>";
		};
		8D819EA224A5019000749F43 /* Tumblr - FeedUITests */ = {
			isa = PBXGroup;
			children = (
				8D819EA324A5019000749F43 /* Tumblr___FeedUITests.m */,
				8D819EA524A5019000749F43 /* Info.plist */,
			);
			path = "Tumblr - FeedUITests";
			sourceTree = "<group>";
		};
		8D819EB424A504D900749F43 /* ViewControllers */ = {
			isa = PBXGroup;
			children = (
				8D819EB124A5047F00749F43 /* PhotosViewController.h */,
				8D819EB224A5047F00749F43 /* PhotosViewController.m */,
				8D819EBB24A545A600749F43 /* PhotosTableViewCell.h */,
				8D819EBC24A545A600749F43 /* PhotosTableViewCell.m */,
			);
			path = ViewControllers;
			sourceTree = "<group>";
		};
		A7C64A370D5AAB16F4EABD2D /* Frameworks */ = {
			isa = PBXGroup;
			children = (
				E24E8165A8666E19968647BA /* Pods_Tumblr___Feed.framework */,
				3929B8A01789D0226CF6C5EF /* Pods_Tumblr___Feed_Tumblr___FeedUITests.framework */,
				91245218506860E39F780152 /* Pods_Tumblr___FeedTests.framework */,
			);
			name = Frameworks;
			sourceTree = "<group>";
		};
/* End PBXGroup section */

/* Begin PBXNativeTarget section */
		8D819E7824A5018F00749F43 /* Tumblr - Feed */ = {
			isa = PBXNativeTarget;
			buildConfigurationList = 8D819EA824A5019000749F43 /* Build configuration list for PBXNativeTarget "Tumblr - Feed" */;
			buildPhases = (
				F0297A9B18FD524159291D62 /* [CP] Check Pods Manifest.lock */,
				8D819E7524A5018F00749F43 /* Sources */,
				8D819E7624A5018F00749F43 /* Frameworks */,
				8D819E7724A5018F00749F43 /* Resources */,
				EE4D87F46CDF854C6D7AD20C /* [CP] Embed Pods Frameworks */,
			);
			buildRules = (
			);
			dependencies = (
			);
			name = "Tumblr - Feed";
			productName = "Tumblr - Feed";
			productReference = 8D819E7924A5018F00749F43 /* Tumblr - Feed.app */;
			productType = "com.apple.product-type.application";
		};
		8D819E9324A5019000749F43 /* Tumblr - FeedTests */ = {
			isa = PBXNativeTarget;
			buildConfigurationList = 8D819EAB24A5019000749F43 /* Build configuration list for PBXNativeTarget "Tumblr - FeedTests" */;
			buildPhases = (
				CB770EC88C1CCDE674884018 /* [CP] Check Pods Manifest.lock */,
				8D819E9024A5019000749F43 /* Sources */,
				8D819E9124A5019000749F43 /* Frameworks */,
				8D819E9224A5019000749F43 /* Resources */,
			);
			buildRules = (
			);
			dependencies = (
				8D819E9624A5019000749F43 /* PBXTargetDependency */,
			);
			name = "Tumblr - FeedTests";
			productName = "Tumblr - FeedTests";
			productReference = 8D819E9424A5019000749F43 /* Tumblr - FeedTests.xctest */;
			productType = "com.apple.product-type.bundle.unit-test";
		};
		8D819E9E24A5019000749F43 /* Tumblr - FeedUITests */ = {
			isa = PBXNativeTarget;
			buildConfigurationList = 8D819EAE24A5019000749F43 /* Build configuration list for PBXNativeTarget "Tumblr - FeedUITests" */;
			buildPhases = (
				8F1856EE0BC97BDACF1D134F /* [CP] Check Pods Manifest.lock */,
				8D819E9B24A5019000749F43 /* Sources */,
				8D819E9C24A5019000749F43 /* Frameworks */,
				8D819E9D24A5019000749F43 /* Resources */,
				37B5C259725577EBA9328F9A /* [CP] Embed Pods Frameworks */,
			);
			buildRules = (
			);
			dependencies = (
				8D819EA124A5019000749F43 /* PBXTargetDependency */,
			);
			name = "Tumblr - FeedUITests";
			productName = "Tumblr - FeedUITests";
			productReference = 8D819E9F24A5019000749F43 /* Tumblr - FeedUITests.xctest */;
			productType = "com.apple.product-type.bundle.ui-testing";
		};
/* End PBXNativeTarget section */

/* Begin PBXProject section */
		8D819E7124A5018F00749F43 /* Project object */ = {
			isa = PBXProject;
			attributes = {
				LastUpgradeCheck = 1150;
				ORGANIZATIONNAME = ssantoyo;
				TargetAttributes = {
					8D819E7824A5018F00749F43 = {
						CreatedOnToolsVersion = 11.5;
					};
					8D819E9324A5019000749F43 = {
						CreatedOnToolsVersion = 11.5;
						TestTargetID = 8D819E7824A5018F00749F43;
					};
					8D819E9E24A5019000749F43 = {
						CreatedOnToolsVersion = 11.5;
						TestTargetID = 8D819E7824A5018F00749F43;
					};
				};
			};
			buildConfigurationList = 8D819E7424A5018F00749F43 /* Build configuration list for PBXProject "Tumblr - Feed" */;
			compatibilityVersion = "Xcode 9.3";
			developmentRegion = en;
			hasScannedForEncodings = 0;
			knownRegions = (
				en,
				Base,
			);
			mainGroup = 8D819E7024A5018F00749F43;
			productRefGroup = 8D819E7A24A5018F00749F43 /* Products */;
			projectDirPath = "";
			projectRoot = "";
			targets = (
				8D819E7824A5018F00749F43 /* Tumblr - Feed */,
				8D819E9324A5019000749F43 /* Tumblr - FeedTests */,
				8D819E9E24A5019000749F43 /* Tumblr - FeedUITests */,
			);
		};
/* End PBXProject section */

/* Begin PBXResourcesBuildPhase section */
		8D819E7724A5018F00749F43 /* Resources */ = {
			isa = PBXResourcesBuildPhase;
			buildActionMask = 2147483647;
			files = (
				8D819E8C24A5019000749F43 /* LaunchScreen.storyboard in Resources */,
				8D819E8924A5019000749F43 /* Assets.xcassets in Resources */,
				8D819E8724A5018F00749F43 /* Main.storyboard in Resources */,
			);
			runOnlyForDeploymentPostprocessing = 0;
		};
		8D819E9224A5019000749F43 /* Resources */ = {
			isa = PBXResourcesBuildPhase;
			buildActionMask = 2147483647;
			files = (
			);
			runOnlyForDeploymentPostprocessing = 0;
		};
		8D819E9D24A5019000749F43 /* Resources */ = {
			isa = PBXResourcesBuildPhase;
			buildActionMask = 2147483647;
			files = (
			);
			runOnlyForDeploymentPostprocessing = 0;
		};
/* End PBXResourcesBuildPhase section */

/* Begin PBXShellScriptBuildPhase section */
		37B5C259725577EBA9328F9A /* [CP] Embed Pods Frameworks */ = {
			isa = PBXShellScriptBuildPhase;
			buildActionMask = 2147483647;
			files = (
			);
			inputFileListPaths = (
				"${PODS_ROOT}/Target Support Files/Pods-Tumblr - Feed-Tumblr - FeedUITests/Pods-Tumblr - Feed-Tumblr - FeedUITests-frameworks-${CONFIGURATION}-input-files.xcfilelist",
			);
			name = "[CP] Embed Pods Frameworks";
			outputFileListPaths = (
				"${PODS_ROOT}/Target Support Files/Pods-Tumblr - Feed-Tumblr - FeedUITests/Pods-Tumblr - Feed-Tumblr - FeedUITests-frameworks-${CONFIGURATION}-output-files.xcfilelist",
			);
			runOnlyForDeploymentPostprocessing = 0;
			shellPath = /bin/sh;
			shellScript = "\"${PODS_ROOT}/Target Support Files/Pods-Tumblr - Feed-Tumblr - FeedUITests/Pods-Tumblr - Feed-Tumblr - FeedUITests-frameworks.sh\"\n";
			showEnvVarsInLog = 0;
		};
		8F1856EE0BC97BDACF1D134F /* [CP] Check Pods Manifest.lock */ = {
			isa = PBXShellScriptBuildPhase;
			buildActionMask = 2147483647;
			files = (
			);
			inputFileListPaths = (
			);
			inputPaths = (
				"${PODS_PODFILE_DIR_PATH}/Podfile.lock",
				"${PODS_ROOT}/Manifest.lock",
			);
			name = "[CP] Check Pods Manifest.lock";
			outputFileListPaths = (
			);
			outputPaths = (
				"$(DERIVED_FILE_DIR)/Pods-Tumblr - Feed-Tumblr - FeedUITests-checkManifestLockResult.txt",
			);
			runOnlyForDeploymentPostprocessing = 0;
			shellPath = /bin/sh;
			shellScript = "diff \"${PODS_PODFILE_DIR_PATH}/Podfile.lock\" \"${PODS_ROOT}/Manifest.lock\" > /dev/null\nif [ $? != 0 ] ; then\n    # print error to STDERR\n    echo \"error: The sandbox is not in sync with the Podfile.lock. Run 'pod install' or update your CocoaPods installation.\" >&2\n    exit 1\nfi\n# This output is used by Xcode 'outputs' to avoid re-running this script phase.\necho \"SUCCESS\" > \"${SCRIPT_OUTPUT_FILE_0}\"\n";
			showEnvVarsInLog = 0;
		};
		CB770EC88C1CCDE674884018 /* [CP] Check Pods Manifest.lock */ = {
			isa = PBXShellScriptBuildPhase;
			buildActionMask = 2147483647;
			files = (
			);
			inputFileListPaths = (
			);
			inputPaths = (
				"${PODS_PODFILE_DIR_PATH}/Podfile.lock",
				"${PODS_ROOT}/Manifest.lock",
			);
			name = "[CP] Check Pods Manifest.lock";
			outputFileListPaths = (
			);
			outputPaths = (
				"$(DERIVED_FILE_DIR)/Pods-Tumblr - FeedTests-checkManifestLockResult.txt",
			);
			runOnlyForDeploymentPostprocessing = 0;
			shellPath = /bin/sh;
			shellScript = "diff \"${PODS_PODFILE_DIR_PATH}/Podfile.lock\" \"${PODS_ROOT}/Manifest.lock\" > /dev/null\nif [ $? != 0 ] ; then\n    # print error to STDERR\n    echo \"error: The sandbox is not in sync with the Podfile.lock. Run 'pod install' or update your CocoaPods installation.\" >&2\n    exit 1\nfi\n# This output is used by Xcode 'outputs' to avoid re-running this script phase.\necho \"SUCCESS\" > \"${SCRIPT_OUTPUT_FILE_0}\"\n";
			showEnvVarsInLog = 0;
		};
		EE4D87F46CDF854C6D7AD20C /* [CP] Embed Pods Frameworks */ = {
			isa = PBXShellScriptBuildPhase;
			buildActionMask = 2147483647;
			files = (
			);
			inputFileListPaths = (
				"${PODS_ROOT}/Target Support Files/Pods-Tumblr - Feed/Pods-Tumblr - Feed-frameworks-${CONFIGURATION}-input-files.xcfilelist",
			);
			name = "[CP] Embed Pods Frameworks";
			outputFileListPaths = (
				"${PODS_ROOT}/Target Support Files/Pods-Tumblr - Feed/Pods-Tumblr - Feed-frameworks-${CONFIGURATION}-output-files.xcfilelist",
			);
			runOnlyForDeploymentPostprocessing = 0;
			shellPath = /bin/sh;
			shellScript = "\"${PODS_ROOT}/Target Support Files/Pods-Tumblr - Feed/Pods-Tumblr - Feed-frameworks.sh\"\n";
			showEnvVarsInLog = 0;
		};
		F0297A9B18FD524159291D62 /* [CP] Check Pods Manifest.lock */ = {
			isa = PBXShellScriptBuildPhase;
			buildActionMask = 2147483647;
			files = (
			);
			inputFileListPaths = (
			);
			inputPaths = (
				"${PODS_PODFILE_DIR_PATH}/Podfile.lock",
				"${PODS_ROOT}/Manifest.lock",
			);
			name = "[CP] Check Pods Manifest.lock";
			outputFileListPaths = (
			);
			outputPaths = (
				"$(DERIVED_FILE_DIR)/Pods-Tumblr - Feed-checkManifestLockResult.txt",
			);
			runOnlyForDeploymentPostprocessing = 0;
			shellPath = /bin/sh;
			shellScript = "diff \"${PODS_PODFILE_DIR_PATH}/Podfile.lock\" \"${PODS_ROOT}/Manifest.lock\" > /dev/null\nif [ $? != 0 ] ; then\n    # print error to STDERR\n    echo \"error: The sandbox is not in sync with the Podfile.lock. Run 'pod install' or update your CocoaPods installation.\" >&2\n    exit 1\nfi\n# This output is used by Xcode 'outputs' to avoid re-running this script phase.\necho \"SUCCESS\" > \"${SCRIPT_OUTPUT_FILE_0}\"\n";
			showEnvVarsInLog = 0;
		};
/* End PBXShellScriptBuildPhase section */

/* Begin PBXSourcesBuildPhase section */
		8D819E7524A5018F00749F43 /* Sources */ = {
			isa = PBXSourcesBuildPhase;
			buildActionMask = 2147483647;
			files = (
				8D819EBD24A545A600749F43 /* PhotosTableViewCell.m in Sources */,
				8D819E7E24A5018F00749F43 /* AppDelegate.m in Sources */,
				8D819EB324A5047F00749F43 /* PhotosViewController.m in Sources */,
				8D819E8F24A5019000749F43 /* main.m in Sources */,
				8D819E8124A5018F00749F43 /* SceneDelegate.m in Sources */,
			);
			runOnlyForDeploymentPostprocessing = 0;
		};
		8D819E9024A5019000749F43 /* Sources */ = {
			isa = PBXSourcesBuildPhase;
			buildActionMask = 2147483647;
			files = (
				8D819E9924A5019000749F43 /* Tumblr___FeedTests.m in Sources */,
			);
			runOnlyForDeploymentPostprocessing = 0;
		};
		8D819E9B24A5019000749F43 /* Sources */ = {
			isa = PBXSourcesBuildPhase;
			buildActionMask = 2147483647;
			files = (
				8D819EA424A5019000749F43 /* Tumblr___FeedUITests.m in Sources */,
			);
			runOnlyForDeploymentPostprocessing = 0;
		};
/* End PBXSourcesBuildPhase section */

/* Begin PBXTargetDependency section */
		8D819E9624A5019000749F43 /* PBXTargetDependency */ = {
			isa = PBXTargetDependency;
			target = 8D819E7824A5018F00749F43 /* Tumblr - Feed */;
			targetProxy = 8D819E9524A5019000749F43 /* PBXContainerItemProxy */;
		};
		8D819EA124A5019000749F43 /* PBXTargetDependency */ = {
			isa = PBXTargetDependency;
			target = 8D819E7824A5018F00749F43 /* Tumblr - Feed */;
			targetProxy = 8D819EA024A5019000749F43 /* PBXContainerItemProxy */;
		};
/* End PBXTargetDependency section */

/* Begin PBXVariantGroup section */
		8D819E8524A5018F00749F43 /* Main.storyboard */ = {
			isa = PBXVariantGroup;
			children = (
				8D819E8624A5018F00749F43 /* Base */,
			);
			name = Main.storyboard;
			sourceTree = "<group>";
		};
		8D819E8A24A5019000749F43 /* LaunchScreen.storyboard */ = {
			isa = PBXVariantGroup;
			children = (
				8D819E8B24A5019000749F43 /* Base */,
			);
			name = LaunchScreen.storyboard;
			sourceTree = "<group>";
		};
/* End PBXVariantGroup section */

/* Begin XCBuildConfiguration section */
		8D819EA624A5019000749F43 /* Debug */ = {
			isa = XCBuildConfiguration;
			buildSettings = {
				ALWAYS_SEARCH_USER_PATHS = NO;
				CLANG_ANALYZER_NONNULL = YES;
				CLANG_ANALYZER_NUMBER_OBJECT_CONVERSION = YES_AGGRESSIVE;
				CLANG_CXX_LANGUAGE_STANDARD = "gnu++14";
				CLANG_CXX_LIBRARY = "libc++";
				CLANG_ENABLE_MODULES = YES;
				CLANG_ENABLE_OBJC_ARC = YES;
				CLANG_ENABLE_OBJC_WEAK = YES;
				CLANG_WARN_BLOCK_CAPTURE_AUTORELEASING = YES;
				CLANG_WARN_BOOL_CONVERSION = YES;
				CLANG_WARN_COMMA = YES;
				CLANG_WARN_CONSTANT_CONVERSION = YES;
				CLANG_WARN_DEPRECATED_OBJC_IMPLEMENTATIONS = YES;
				CLANG_WARN_DIRECT_OBJC_ISA_USAGE = YES_ERROR;
				CLANG_WARN_DOCUMENTATION_COMMENTS = YES;
				CLANG_WARN_EMPTY_BODY = YES;
				CLANG_WARN_ENUM_CONVERSION = YES;
				CLANG_WARN_INFINITE_RECURSION = YES;
				CLANG_WARN_INT_CONVERSION = YES;
				CLANG_WARN_NON_LITERAL_NULL_CONVERSION = YES;
				CLANG_WARN_OBJC_IMPLICIT_RETAIN_SELF = YES;
				CLANG_WARN_OBJC_LITERAL_CONVERSION = YES;
				CLANG_WARN_OBJC_ROOT_CLASS = YES_ERROR;
				CLANG_WARN_RANGE_LOOP_ANALYSIS = YES;
				CLANG_WARN_STRICT_PROTOTYPES = YES;
				CLANG_WARN_SUSPICIOUS_MOVE = YES;
				CLANG_WARN_UNGUARDED_AVAILABILITY = YES_AGGRESSIVE;
				CLANG_WARN_UNREACHABLE_CODE = YES;
				CLANG_WARN__DUPLICATE_METHOD_MATCH = YES;
				COPY_PHASE_STRIP = NO;
				DEBUG_INFORMATION_FORMAT = dwarf;
				ENABLE_STRICT_OBJC_MSGSEND = YES;
				ENABLE_TESTABILITY = YES;
				GCC_C_LANGUAGE_STANDARD = gnu11;
				GCC_DYNAMIC_NO_PIC = NO;
				GCC_NO_COMMON_BLOCKS = YES;
				GCC_OPTIMIZATION_LEVEL = 0;
				GCC_PREPROCESSOR_DEFINITIONS = (
					"DEBUG=1",
					"$(inherited)",
				);
				GCC_WARN_64_TO_32_BIT_CONVERSION = YES;
				GCC_WARN_ABOUT_RETURN_TYPE = YES_ERROR;
				GCC_WARN_UNDECLARED_SELECTOR = YES;
				GCC_WARN_UNINITIALIZED_AUTOS = YES_AGGRESSIVE;
				GCC_WARN_UNUSED_FUNCTION = YES;
				GCC_WARN_UNUSED_VARIABLE = YES;
				IPHONEOS_DEPLOYMENT_TARGET = 13.5;
				MTL_ENABLE_DEBUG_INFO = INCLUDE_SOURCE;
				MTL_FAST_MATH = YES;
				ONLY_ACTIVE_ARCH = YES;
				SDKROOT = iphoneos;
			};
			name = Debug;
		};
		8D819EA724A5019000749F43 /* Release */ = {
			isa = XCBuildConfiguration;
			buildSettings = {
				ALWAYS_SEARCH_USER_PATHS = NO;
				CLANG_ANALYZER_NONNULL = YES;
				CLANG_ANALYZER_NUMBER_OBJECT_CONVERSION = YES_AGGRESSIVE;
				CLANG_CXX_LANGUAGE_STANDARD = "gnu++14";
				CLANG_CXX_LIBRARY = "libc++";
				CLANG_ENABLE_MODULES = YES;
				CLANG_ENABLE_OBJC_ARC = YES;
				CLANG_ENABLE_OBJC_WEAK = YES;
				CLANG_WARN_BLOCK_CAPTURE_AUTORELEASING = YES;
				CLANG_WARN_BOOL_CONVERSION = YES;
				CLANG_WARN_COMMA = YES;
				CLANG_WARN_CONSTANT_CONVERSION = YES;
				CLANG_WARN_DEPRECATED_OBJC_IMPLEMENTATIONS = YES;
				CLANG_WARN_DIRECT_OBJC_ISA_USAGE = YES_ERROR;
				CLANG_WARN_DOCUMENTATION_COMMENTS = YES;
				CLANG_WARN_EMPTY_BODY = YES;
				CLANG_WARN_ENUM_CONVERSION = YES;
				CLANG_WARN_INFINITE_RECURSION = YES;
				CLANG_WARN_INT_CONVERSION = YES;
				CLANG_WARN_NON_LITERAL_NULL_CONVERSION = YES;
				CLANG_WARN_OBJC_IMPLICIT_RETAIN_SELF = YES;
				CLANG_WARN_OBJC_LITERAL_CONVERSION = YES;
				CLANG_WARN_OBJC_ROOT_CLASS = YES_ERROR;
				CLANG_WARN_RANGE_LOOP_ANALYSIS = YES;
				CLANG_WARN_STRICT_PROTOTYPES = YES;
				CLANG_WARN_SUSPICIOUS_MOVE = YES;
				CLANG_WARN_UNGUARDED_AVAILABILITY = YES_AGGRESSIVE;
				CLANG_WARN_UNREACHABLE_CODE = YES;
				CLANG_WARN__DUPLICATE_METHOD_MATCH = YES;
				COPY_PHASE_STRIP = NO;
				DEBUG_INFORMATION_FORMAT = "dwarf-with-dsym";
				ENABLE_NS_ASSERTIONS = NO;
				ENABLE_STRICT_OBJC_MSGSEND = YES;
				GCC_C_LANGUAGE_STANDARD = gnu11;
				GCC_NO_COMMON_BLOCKS = YES;
				GCC_WARN_64_TO_32_BIT_CONVERSION = YES;
				GCC_WARN_ABOUT_RETURN_TYPE = YES_ERROR;
				GCC_WARN_UNDECLARED_SELECTOR = YES;
				GCC_WARN_UNINITIALIZED_AUTOS = YES_AGGRESSIVE;
				GCC_WARN_UNUSED_FUNCTION = YES;
				GCC_WARN_UNUSED_VARIABLE = YES;
				IPHONEOS_DEPLOYMENT_TARGET = 13.5;
				MTL_ENABLE_DEBUG_INFO = NO;
				MTL_FAST_MATH = YES;
				SDKROOT = iphoneos;
				VALIDATE_PRODUCT = YES;
			};
			name = Release;
		};
		8D819EA924A5019000749F43 /* Debug */ = {
			isa = XCBuildConfiguration;
			baseConfigurationReference = 4C8F02D3183F7D83280A432D /* Pods-Tumblr - Feed.debug.xcconfig */;
			buildSettings = {
				ASSETCATALOG_COMPILER_APPICON_NAME = AppIcon;
				CODE_SIGN_STYLE = Automatic;
				DEVELOPMENT_TEAM = R462SWBSJD;
				INFOPLIST_FILE = "Tumblr - Feed/Info.plist";
				LD_RUNPATH_SEARCH_PATHS = (
					"$(inherited)",
					"@executable_path/Frameworks",
				);
				PRODUCT_BUNDLE_IDENTIFIER = "com.ssantoyo.Tumblr---Feed";
				PRODUCT_NAME = "$(TARGET_NAME)";
				TARGETED_DEVICE_FAMILY = "1,2";
			};
			name = Debug;
		};
		8D819EAA24A5019000749F43 /* Release */ = {
			isa = XCBuildConfiguration;
			baseConfigurationReference = ADA9A8625910847C11180A5A /* Pods-Tumblr - Feed.release.xcconfig */;
			buildSettings = {
				ASSETCATALOG_COMPILER_APPICON_NAME = AppIcon;
				CODE_SIGN_STYLE = Automatic;
				DEVELOPMENT_TEAM = R462SWBSJD;
				INFOPLIST_FILE = "Tumblr - Feed/Info.plist";
				LD_RUNPATH_SEARCH_PATHS = (
					"$(inherited)",
					"@executable_path/Frameworks",
				);
				PRODUCT_BUNDLE_IDENTIFIER = "com.ssantoyo.Tumblr---Feed";
				PRODUCT_NAME = "$(TARGET_NAME)";
				TARGETED_DEVICE_FAMILY = "1,2";
			};
			name = Release;
		};
		8D819EAC24A5019000749F43 /* Debug */ = {
			isa = XCBuildConfiguration;
			baseConfigurationReference = 9F05CFF6A336B6EA5C3B7838 /* Pods-Tumblr - FeedTests.debug.xcconfig */;
			buildSettings = {
				BUNDLE_LOADER = "$(TEST_HOST)";
				CODE_SIGN_STYLE = Automatic;
				DEVELOPMENT_TEAM = R462SWBSJD;
				INFOPLIST_FILE = "Tumblr - FeedTests/Info.plist";
				IPHONEOS_DEPLOYMENT_TARGET = 13.5;
				LD_RUNPATH_SEARCH_PATHS = (
					"$(inherited)",
					"@executable_path/Frameworks",
					"@loader_path/Frameworks",
				);
				PRODUCT_BUNDLE_IDENTIFIER = "com.ssantoyo.Tumblr---FeedTests";
				PRODUCT_NAME = "$(TARGET_NAME)";
				TARGETED_DEVICE_FAMILY = "1,2";
				TEST_HOST = "$(BUILT_PRODUCTS_DIR)/Tumblr - Feed.app/Tumblr - Feed";
			};
			name = Debug;
		};
		8D819EAD24A5019000749F43 /* Release */ = {
			isa = XCBuildConfiguration;
			baseConfigurationReference = F674DA40F2A6A4DB9BC4B6B7 /* Pods-Tumblr - FeedTests.release.xcconfig */;
			buildSettings = {
				BUNDLE_LOADER = "$(TEST_HOST)";
				CODE_SIGN_STYLE = Automatic;
				DEVELOPMENT_TEAM = R462SWBSJD;
				INFOPLIST_FILE = "Tumblr - FeedTests/Info.plist";
				IPHONEOS_DEPLOYMENT_TARGET = 13.5;
				LD_RUNPATH_SEARCH_PATHS = (
					"$(inherited)",
					"@executable_path/Frameworks",
					"@loader_path/Frameworks",
				);
				PRODUCT_BUNDLE_IDENTIFIER = "com.ssantoyo.Tumblr---FeedTests";
				PRODUCT_NAME = "$(TARGET_NAME)";
				TARGETED_DEVICE_FAMILY = "1,2";
				TEST_HOST = "$(BUILT_PRODUCTS_DIR)/Tumblr - Feed.app/Tumblr - Feed";
			};
			name = Release;
		};
		8D819EAF24A5019000749F43 /* Debug */ = {
			isa = XCBuildConfiguration;
			baseConfigurationReference = E0051602FDD9D073A6C6622B /* Pods-Tumblr - Feed-Tumblr - FeedUITests.debug.xcconfig */;
			buildSettings = {
				CODE_SIGN_STYLE = Automatic;
				DEVELOPMENT_TEAM = R462SWBSJD;
				INFOPLIST_FILE = "Tumblr - FeedUITests/Info.plist";
				LD_RUNPATH_SEARCH_PATHS = (
					"$(inherited)",
					"@executable_path/Frameworks",
					"@loader_path/Frameworks",
				);
				PRODUCT_BUNDLE_IDENTIFIER = "com.ssantoyo.Tumblr---FeedUITests";
				PRODUCT_NAME = "$(TARGET_NAME)";
				TARGETED_DEVICE_FAMILY = "1,2";
				TEST_TARGET_NAME = "Tumblr - Feed";
			};
			name = Debug;
		};
		8D819EB024A5019000749F43 /* Release */ = {
			isa = XCBuildConfiguration;
			baseConfigurationReference = 3A48035926E30BA6C57BE051 /* Pods-Tumblr - Feed-Tumblr - FeedUITests.release.xcconfig */;
			buildSettings = {
				CODE_SIGN_STYLE = Automatic;
				DEVELOPMENT_TEAM = R462SWBSJD;
				INFOPLIST_FILE = "Tumblr - FeedUITests/Info.plist";
				LD_RUNPATH_SEARCH_PATHS = (
					"$(inherited)",
					"@executable_path/Frameworks",
					"@loader_path/Frameworks",
				);
				PRODUCT_BUNDLE_IDENTIFIER = "com.ssantoyo.Tumblr---FeedUITests";
				PRODUCT_NAME = "$(TARGET_NAME)";
				TARGETED_DEVICE_FAMILY = "1,2";
				TEST_TARGET_NAME = "Tumblr - Feed";
			};
			name = Release;
		};
/* End XCBuildConfiguration section */

/* Begin XCConfigurationList section */
		8D819E7424A5018F00749F43 /* Build configuration list for PBXProject "Tumblr - Feed" */ = {
			isa = XCConfigurationList;
			buildConfigurations = (
				8D819EA624A5019000749F43 /* Debug */,
				8D819EA724A5019000749F43 /* Release */,
			);
			defaultConfigurationIsVisible = 0;
			defaultConfigurationName = Release;
		};
		8D819EA824A5019000749F43 /* Build configuration list for PBXNativeTarget "Tumblr - Feed" */ = {
			isa = XCConfigurationList;
			buildConfigurations = (
				8D819EA924A5019000749F43 /* Debug */,
				8D819EAA24A5019000749F43 /* Release */,
			);
			defaultConfigurationIsVisible = 0;
			defaultConfigurationName = Release;
		};
		8D819EAB24A5019000749F43 /* Build configuration list for PBXNativeTarget "Tumblr - FeedTests" */ = {
			isa = XCConfigurationList;
			buildConfigurations = (
				8D819EAC24A5019000749F43 /* Debug */,
				8D819EAD24A5019000749F43 /* Release */,
			);
			defaultConfigurationIsVisible = 0;
			defaultConfigurationName = Release;
		};
		8D819EAE24A5019000749F43 /* Build configuration list for PBXNativeTarget "Tumblr - FeedUITests" */ = {
			isa = XCConfigurationList;
			buildConfigurations = (
				8D819EAF24A5019000749F43 /* Debug */,
				8D819EB024A5019000749F43 /* Release */,
			);
			defaultConfigurationIsVisible = 0;
			defaultConfigurationName = Release;
		};
/* End XCConfigurationList section */
	};
	rootObject = 8D819E7124A5018F00749F43 /* Project object */;
}
